github.com/absfs/absfs v0.0.0-20200602175035-e49edc9fef15/go.mod h1:EcuvbVuyyWyu+g4ACjKzyUypG60qSvorqC/hjByBEqY=
github.com/absfs/absfs v0.0.0-20251123020225-d768e7374215 h1:ofbeveNhO7HTwlcPely08Q3wYAIva71Bouf7FeHsV1o=
github.com/absfs/absfs v0.0.0-20251123020225-d768e7374215/go.mod h1:IvFD36FQcMxLLZNhs2Lms+Uosc0G3AJ2JHOJIz8E5d8=
github.com/absfs/cachefs v0.0.0-20251123015111-cec16b23d99f h1:j4oYHB3d74YVQAnREnWv48lxyMIEcuIksF9rOtou7bg=
github.com/absfs/cachefs v0.0.0-20251123015111-cec16b23d99f/go.mod h1:Cwn8EG82CLX1MO6CTKPD5N8l03XPO+p3tczWhPeHjTw=
github.com/absfs/encryptfs v0.0.0-20251123014948-0d7dec203ca6 h1:6Sd6ZMvgh1rL4/64ExZ7U/PvhaL8SH5kdXrDfTbwquM=
github.com/absfs/encryptfs v0.0.0-20251123014948-0d7dec203ca6/go.mod h1:qaOeL2ogmjXsI6bizDD5qO0R+fAMDCNNYINh1P3y8xU=
github.com/absfs/fstesting v0.0.0-20180810212821-8b575cdeb80d/go.mod h1:Ib9xUBFJeggV+KCP6/90/ymnt4Siu6V1vBFJrrT1y/s=
github.com/absfs/fusefs v0.0.0-20251123031922-287595f78b52 h1:IfbEPd+JcyMbJhSKMBVtFqN5wUc6RSq50+36u9+GPtk=
github.com/absfs/fusefs v0.0.0-20251123031922-287595f78b52/go.mod h1:ZJYgb459+hbFtSbKkrVFa6s33WFj1PfX13IUjJvvftM=
github.com/absfs/inode v0.0.0-20190804195220-b7cd14cdd0dc h1:KjciuTgBUzV6RfeVLd/Ijhy9Iq7z0JoJ44te3fZaaNE=
github.com/absfs/inode v0.0.0-20190804195220-b7cd14cdd0dc/go.mod h1:lc9vQxyCSyrjclBTgazRvacmElJLj7VfpDmgDnL77o0=
github.com/absfs/memfs v0.0.0-20251123003602-523f8650011b h1:q1E6lPBoKneLihl2gqseSXBPykF6y3zp4skq21uNA+E=
github.com/absfs/memfs v0.0.0-20251123003602-523f8650011b/go.mod h1:ITY8mYr6yHK7ZTNblu5zQk33tMIRaJhoa+YX8/talDk=
github.com/absfs/metricsfs v0.0.0-20251123015031-bb4c92bb839e h1:to8/l2KJ7dfSVyLyKebFOJNX4VUx3gghRKn8T29xwS0=
github.com/absfs/metricsfs v0.0.0-20251123015031-bb4c92bb839e/go.mod h1:BIGFBUIAbINoDGlFOBCUDMwlobytvV02taqW1nx/GZw=
github.com/absfs/osfs v0.0.0-20220705103527-80b6215cf130 h1:kehuUUalOBgwPkBRRW7/hX7b6VeB4Ed0iKX2z2wwqQA=
github.com/absfs/osfs v0.0.0-20220705103527-80b6215cf130/go.mod h1:IIzwVILCbb3j0VHjcAQ7Xwpdz1h57eUzZil7DCIel/c=
github.com/absfs/permfs v0.0.0-20251123020024-81308c3680dd h1:E2ZA2YgNEmcZSTTuoLu+zONKqwr72lr99513SBTNOos=
github.com/absfs/permfs v0.0.0-20251123020024-81308c3680dd/go.mod h1:CEsSPj/Wb7ifOo7bTntnz633LTqp1iiIyZootQAiJ/o=
github.com/absfs/retryfs v0.0.0-20251123021647-14f16ce88662 h1:6/K5m3wZcA2eMktcvyGBXRw2qE9RBKvuDXRshGXnb7E=
github.com/absfs/retryfs v0.0.0-20251123021647-14f16ce88662/go.mod h1:8d0SjqDTPbc0+EL1oR+0/Cbq9JLVcd1kg2daVgLWiwI=
github.com/absfs/switchfs v0.0.0-20251123015535-2b226ee11215 h1:PlPBr/1UIwWUlTjJvX3fHfZYMVAP8CLmbJ73P8wA5DM=
github.com/absfs/switchfs v0.0.0-20251123015535-2b226ee11215/go.mod h1:OwpDHFO9Q9Tkst7f5CDMJSv91hPvhuJUYiOVT+C3teY=
github.com/absfs/unionfs v0.0.0-20251123014916-ebb51ffff25a h1:iogU2WbCF4f7aaGuiAIl9e91EkjM3CpoFHxdyTpwQ5s=
github.com/absfs/unionfs v0.0.0-20251123014916-ebb51ffff25a/go.mod h1:6krPSx+FX6IhISWMpOOMKPzwtPYqCzOUo73EtBWYfK0=
github.com/beorn7/perks v1.0.1 h1:VlbKKnNfV8bJzeqoa4cOKqO6bYr3WgKZxO8Z16+hsOM=
github.com/beorn7/perks v1.0.1/go.mod h1:G2ZrVWU2WbWT9wwq4/hrbKbnv/1ERSJQ0ibhJ6rlkpw=
github.com/bmatcuk/doublestar/v4 v4.9.1 h1:X8jg9rRZmJd4yRy7ZeNDRnM+T3ZfHv15JiBJ/avrEXE=
github.com/bmatcuk/doublestar/v4 v4.9.1/go.mod h1:xBQ8jztBU6kakFMg+8WGxn0c6z1fTSPVIjEY1Wr7jzc=
github.com/cespare/xxhash/v2 v2.3.0 h1:UL815xU9SqsFlibzuggzjXhog7bL6oX9BbNZnL2UFvs=
github.com/cespare/xxhash/v2 v2.3.0/go.mod h1:VGX0DQ3Q6kWi7AoAeZDth3/j3BFtOZR5XLFGgcrjCOs=
github.com/fatih/color v1.12.0/go.mod h1:ELkj/draVOlAH/xkhN6mQ50Qd0MPOk5AAr3maGEBuJM=
github.com/go-git/go-billy/v5 v5.6.2 h1:6Q86EsPXMa7c3YZ3aLAQsMA0VlWmy43r6FHqa/UNbRM=
github.com/go-git/go-billy/v5 v5.6.2/go.mod h1:rcFC2rAsp/erv7CMz9GczHcuD0D32fWzH+MJAU+jaUU=
github.com/go-logr/logr v1.2.2/go.mod h1:jdQByPbusPIv2/zmleS9BjJVeZ6kBagPoEUsqbVz/1A=
github.com/go-logr/logr v1.4.3 h1:CjnDlHq8ikf6E492q6eKboGOC0T8CDaOvkHCIg8idEI=
github.com/go-logr/logr v1.4.3/go.mod h1:9T104GzyrTigFIr8wt5mBrctHMim0Nb2HLGrmQ40KvY=
github.com/go-logr/stdr v1.2.2 h1:hSWxHoqTgW2S2qGc0LTAI563KZ5YKYRhT3MFKZMbjag=
github.com/go-logr/stdr v1.2.2/go.mod h1:mMo/vtBO5dYbehREoey6XUKy/eSumjCCveDpRre4VKE=
github.com/hanwen/go-fuse/v2 v2.9.0 h1:0AOGUkHtbOVeyGLr0tXupiid1Vg7QB7M6YUcdmVdC58=
github.com/hanwen/go-fuse/v2 v2.9.0/go.mod h1:yE6D2PqWwm3CbYRxFXV9xUd8Md5d6NG0WBs5spCswmI=
github.com/mattn/go-colorable v0.1.8/go.mod h1:u6P/XSegPjTcexA+o6vUJrdnUu04hMope9wVRipJSqc=
github.com/mattn/go-isatty v0.0.12/go.mod h1:cbi8OIDigv2wuxKPP5vlRcQ1OAZbq2CE4Kysco4FUpU=
github.com/munnerz/goautoneg v0.0.0-20191010083416-a7dc8b61c822 h1:C3w9PqII01/Oq1c1nUAm88MOHcQC9l5mIlSMApZMrHA=
github.com/munnerz/goautoneg v0.0.0-20191010083416-a7dc8b61c822/go.mod h1:+n7T8mK8HuQTcFwEeznm/DIxMOiR9yIdICNftLE1DvQ=
github.com/prometheus/client_golang v1.23.2 h1:Je96obch5RDVy3FDMndoUsjAhG5Edi49h0RJWRi/o0o=
github.com/prometheus/client_golang v1.23.2/go.mod h1:Tb1a6LWHB3/SPIzCoaDXI4I8UHKeFTEQ1YCr+0Gyqmg=
github.com/prometheus/client_model v0.6.2 h1:oBsgwpGs7iVziMvrGhE53c/GrLUsZdHnqNwqPLxwZyk=
github.com/prometheus/client_model v0.6.2/go.mod h1:y3m2F6Gdpfy6Ut/GBsUqTWZqCUvMVzSfMLjcu6wAwpE=
github.com/prometheus/common v0.66.1 h1:h5E0h5/Y8niHc5DlaLlWLArTQI7tMrsfQjHV+d9ZoGs=
github.com/prometheus/common v0.66.1/go.mod h1:gcaUsgf3KfRSwHY4dIMXLPV0K/Wg1oZ8+SbZk/HH/dA=
github.com/prometheus/procfs v0.16.1 h1:hZ15bTNuirocR6u0JZ6BAHHmwS1p8B4P6MRqxtzMyRg=
github.com/prometheus/procfs v0.16.1/go.mod h1:teAbpZRB1iIAJYREa1LsoWUXykVXA1KlTmWl8x/U+Is=
github.com/spf13/afero v1.15.0 h1:b/YBCLWAJdFWJTN9cLhiXXcD7mzKn9Dm86dNnfyQw1I=
github.com/spf13/afero v1.15.0/go.mod h1:NC2ByUVxtQs4b3sIUphxK0NioZnmxgyCrfzeuq8lxMg=
github.com/xtgo/set v1.0.0/go.mod h1:d3NHzGzSa0NmB2NhFyECA+QdRp29oEn2xbT+TpeFoM8=
go.opentelemetry.io/auto/sdk v1.1.0 h1:cH53jehLUN6UFLY71z+NDOiNJqDdPRaXzTel0sJySYA=
go.opentelemetry.io/auto/sdk v1.1.0/go.mod h1:3wSPjt5PWp2RhlCcmmOial7AvC4DQqZb7a7wCow3W8A=
go.opentelemetry.io/otel v1.38.0 h1:RkfdswUDRimDg0m2Az18RKOsnI8UDzppJAtj01/Ymk8=
go.opentelemetry.io/otel v1.38.0/go.mod h1:zcmtmQ1+YmQM9wrNsTGV/q/uyusom3P8RxwExxkZhjM=
go.opentelemetry.io/otel/metric v1.38.0 h1:Kl6lzIYGAh5M159u9NgiRkmoMKjvbsKtYRwgfrA6WpA=
go.opentelemetry.io/otel/metric v1.38.0/go.mod h1:kB5n/QoRM8YwmUahxvI3bO34eVtQf2i4utNVLr9gEmI=
go.opentelemetry.io/otel/trace v1.38.0 h1:Fxk5bKrDZJUH+AMyyIXGcFAPah0oRcT+LuNtJrmcNLE=
go.opentelemetry.io/otel/trace v1.38.0/go.mod h1:j1P9ivuFsTceSWe1oY+EeW3sc+Pp42sO++GHkg4wwhs=
go.yaml.in/yaml/v2 v2.4.2 h1:DzmwEr2rDGHl7lsFgAHxmNz/1NlQ7xLIrlN2h5d1eGI=
go.yaml.in/yaml/v2 v2.4.2/go.mod h1:081UH+NErpNdqlCXm3TtEran0rJZGxAYx9hb/ELlsPU=
golang.org/x/crypto v0.45.0 h1:jMBrvKuj23MTlT0bQEOBcAE0mjg8mK9RXFhRH6nyF3Q=
golang.org/x/crypto v0.45.0/go.mod h1:XTGrrkGJve7CYK7J8PEww4aY7gM3qMCElcJQ8n8JdX4=
golang.org/x/sys v0.0.0-20200116001909-b77594299b42/go.mod h1:h1NjWce9XRLGQEsW7wpKNCjG9DtNlClVuFLEZdDNbEs=
golang.org/x/sys v0.0.0-20200223170610-d5e6a3e2c0ae/go.mod h1:h1NjWce9XRLGQEsW7wpKNCjG9DtNlClVuFLEZdDNbEs=
golang.org/x/sys v0.38.0 h1:3yZWxaJjBmCWXqhN1qh02AkOnCQ1poK6oF+a7xWL6Gc=
golang.org/x/sys v0.38.0/go.mod h1:OgkHotnGiDImocRcuBABYBEXf8A9a87e/uXjp9XT3ks=
golang.org/x/text v0.31.0 h1:aC8ghyu4JhP8VojJ2lEHBnochRno1sgL6nEi9WGFGMM=
golang.org/x/text v0.31.0/go.mod h1:tKRAlv61yKIjGGHX/4tP1LTbc13YSec1pxVEWXzfoeM=
google.golang.org/protobuf v1.36.8 h1:xHScyCOEuuwZEc6UtSOvPbAT4zRh0xcNRYekJwfqyMc=
google.golang.org/protobuf v1.36.8/go.mod h1:fuxRtAxBytpl4zzqUh6/eyUujkJdNiuEkXntxiD/uRU=
gopkg.in/check.v1 v0.0.0-20161208181325-20d25e280405/go.mod h1:Co6ibVJAznAaIkqp8huTwlJQCZ016jof/cbN4VW5Yz0=
gopkg.in/yaml.v3 v3.0.1 h1:fxVm/GzAzEWqLHuvctI91KS9hhNmmWOoWu0XTYJS7CA=
gopkg.in/yaml.v3 v3.0.1/go.mod h1:K4uyk7z7BCEPqu6E+C64Yfv1cQ7kz7rIZviUmN+EgEM=
